github.com/tinywasm/fetch v0.1.23 h1:R8Nr1LwcFUVgQsk5f0CilNNP8r0wc3DPaZuC5O8hYTM=
github.com/tinywasm/fetch v0.1.23/go.mod h1:XR4SHs1qYUFcPcFVw/r+TrwG+9+jENQPslWAKVC6nHQ=
github.com/tinywasm/fmt v0.23.5 h1:Z4KG6xQ0bvFXrJAKz/GjAb1FkLcH0Ckwmdn4KCXLnUo=
github.com/tinywasm/fmt v0.23.5/go.mod h1:L2GCAi6asgytPV6TVvGrRq5Ml+DkUt1Ijo5i/2J1jOY=
github.com/tinywasm/json v0.5.2 h1:ykHdD2qz2k+6r+trffNIVHfvdS46Ib+/8tSUKXx+EdY=
github.com/tinywasm/json v0.5.2/go.mod h1:uA5JXnQcz3T5XdKfwFKloZFvfP7TWgas41zmCM57UJU=
github.com/tinywasm/time v0.5.0 h1:M17DNgKrMYfkCK42V6miL9AcwfN/FHghbKOSTXJrkMo=
github.com/tinywasm/time v0.5.0/go.mod h1:vxGAkKA40im4ObiTS6hcsJYiIsVVLSz/A63JC/+TwvA=
github.com/tinywasm/unixid v0.2.23 h1:Lp/TER0RwbaT7EcHbQNzXj9LOGA2VD8rC8XLYmxJBc0=
github.com/tinywasm/unixid v0.2.23/go.mod h1:5KPbI26CrW8S7rgMS46gqlLKTYPno3QH49GSB5NSLMU=
